
Microsoft Visual Studio Solution File, Format Version 12.00
# Visual Studio 15
VisualStudioVersion = 15.0.27130.2010
MinimumVisualStudioVersion = 10.0.40219.1
Project("{FAE04EC0-301F-11D3-BF4B-00C04F79EFBC}") = "ZTP", "ZTP\ZTP.csproj", "{6FF81F92-3F6D-4529-8A32-8DED9706CA17}"
EndProject
Global
	GlobalSection(SolutionConfigurationPlatforms) = preSolution
		Debug|Any CPU = Debug|Any CPU
		Release|Any CPU = Release|Any CPU
	EndGlobalSection
	GlobalSection(ProjectConfigurationPlatforms) = postSolution
		{6FF81F92-3F6D-4529-8A32-8DED9706CA17}.Debug|Any CPU.ActiveCfg = Debug|Any CPU
		{6FF81F92-3F6D-4529-8A32-8DED9706CA17}.Debug|Any CPU.Build.0 = Debug|Any CPU
		{6FF81F92-3F6D-4529-8A32-8DED9706CA17}.Release|Any CPU.ActiveCfg = Release|Any CPU
		{6FF81F92-3F6D-4529-8A32-8DED9706CA17}.Release|Any CPU.Build.0 = Release|Any CPU
	EndGlobalSection
	GlobalSection(SolutionProperties) = preSolution
		HideSolutionNode = FALSE
	EndGlobalSection
	GlobalSection(ExtensibilityGlobals) = postSolution
		SolutionGuid = {0AFB3987-D281-4C67-A02C-77BFF0EE4397}
	EndGlobalSection
EndGlobal
